# This file is automatically @generated by Wally.
# It is not intended for manual editing.
registry = "test"

[[package]]
name = "synpixel/faker"
version = "1.0.0"
dependencies = []

[[package]]
name = "synpixel/fusion"
version = "0.3.0-dev.2"
dependencies = []

[[package]]
name = "synta/examples"
version = "0.1.0"
dependencies = [["Faker", "synpixel/faker@1.0.0"], ["Fusion", "synpixel/fusion@0.3.0-dev.2"]]
